Microsoft Visual Studio Solution File, Format Version 12.00
# Visual Studio Version 17
VisualStudioVersion = 17.11.35327.3
MinimumVisualStudioVersion = 16.0.0.0
Project("{9A19103F-16F7-4668-BE54-9A1E7A4F7556}") = "TaskTracker.Server", "Server\TaskTracker.Server.csproj", "{DD4C90A4-CE79-47CE-B401-80B6E5975CC8}"
EndProject
Project("{9A19103F-16F7-4668-BE54-9A1E7A4F7556}") = "TaskTracker.Client", "Client\TaskTracker.Client.csproj", "{CF57C6C3-3EEB-475B-8478-C7E938583535}"
EndProject
Project("{9A19103F-16F7-4668-BE54-9A1E7A4F7556}") = "TaskTracker.Shared", "Shared\TaskTracker.Shared.csproj", "{4F097132-CA6E-41CA-BD52-80C4D6BFD3AA}"
EndProject
Global
	GlobalSection(SolutionConfigurationPlatforms) = preSolution
		Debug|Any CPU = Debug|Any CPU
		Debug|x64 = Debug|x64
		Debug|x86 = Debug|x86
		Release|Any CPU = Release|Any CPU
		Release|x64 = Release|x64
		Release|x86 = Release|x86
	EndGlobalSection
	GlobalSection(ProjectConfigurationPlatforms) = postSolution
		{DD4C90A4-CE79-47CE-B401-80B6E5975CC8}.Debug|Any CPU.ActiveCfg = Debug|Any CPU
		{DD4C90A4-CE79-47CE-B401-80B6E5975CC8}.Debug|Any CPU.Build.0 = Debug|Any CPU
		{DD4C90A4-CE79-47CE-B401-80B6E5975CC8}.Debug|x64.ActiveCfg = Debug|Any CPU
		{DD4C90A4-CE79-47CE-B401-80B6E5975CC8}.Debug|x64.Build.0 = Debug|Any CPU
		{DD4C90A4-CE79-47CE-B401-80B6E5975CC8}.Debug|x86.ActiveCfg = Debug|Any CPU
		{DD4C90A4-CE79-47CE-B401-80B6E5975CC8}.Debug|x86.Build.0 = Debug|Any CPU
		{DD4C90A4-CE79-47CE-B401-80B6E5975CC8}.Release|Any CPU.ActiveCfg = Release|Any CPU
		{DD4C90A4-CE79-47CE-B401-80B6E5975CC8}.Release|Any CPU.Build.0 = Release|Any CPU
		{DD4C90A4-CE79-47CE-B401-80B6E5975CC8}.Release|x64.ActiveCfg = Release|Any CPU
		{DD4C90A4-CE79-47CE-B401-80B6E5975CC8}.Release|x64.Build.0 = Release|Any CPU
		{DD4C90A4-CE79-47CE-B401-80B6E5975CC8}.Release|x86.ActiveCfg = Release|Any CPU
		{DD4C90A4-CE79-47CE-B401-80B6E5975CC8}.Release|x86.Build.0 = Release|Any CPU
		{CF57C6C3-3EEB-475B-8478-C7E938583535}.Debug|Any CPU.ActiveCfg = Debug|Any CPU
		{CF57C6C3-3EEB-475B-8478-C7E938583535}.Debug|Any CPU.Build.0 = Debug|Any CPU
		{CF57C6C3-3EEB-475B-8478-C7E938583535}.Debug|x64.ActiveCfg = Debug|Any CPU
		{CF57C6C3-3EEB-475B-8478-C7E938583535}.Debug|x64.Build.0 = Debug|Any CPU
		{CF57C6C3-3EEB-475B-8478-C7E938583535}.Debug|x86.ActiveCfg = Debug|Any CPU
		{CF57C6C3-3EEB-475B-8478-C7E938583535}.Debug|x86.Build.0 = Debug|Any CPU
		{CF57C6C3-3EEB-475B-8478-C7E938583535}.Release|Any CPU.ActiveCfg = Release|Any CPU
		{CF57C6C3-3EEB-475B-8478-C7E938583535}.Release|Any CPU.Build.0 = Release|Any CPU
		{CF57C6C3-3EEB-475B-8478-C7E938583535}.Release|x64.ActiveCfg = Release|Any CPU
		{CF57C6C3-3EEB-475B-8478-C7E938583535}.Release|x64.Build.0 = Release|Any CPU
		{CF57C6C3-3EEB-475B-8478-C7E938583535}.Release|x86.ActiveCfg = Release|Any CPU
		{CF57C6C3-3EEB-475B-8478-C7E938583535}.Release|x86.Build.0 = Release|Any CPU
		{4F097132-CA6E-41CA-BD52-80C4D6BFD3AA}.Debug|Any CPU.ActiveCfg = Debug|Any CPU
		{4F097132-CA6E-41CA-BD52-80C4D6BFD3AA}.Debug|Any CPU.Build.0 = Debug|Any CPU
		{4F097132-CA6E-41CA-BD52-80C4D6BFD3AA}.Debug|x64.ActiveCfg = Debug|Any CPU
		{4F097132-CA6E-41CA-BD52-80C4D6BFD3AA}.Debug|x64.Build.0 = Debug|Any CPU
		{4F097132-CA6E-41CA-BD52-80C4D6BFD3AA}.Debug|x86.ActiveCfg = Debug|Any CPU
		{4F097132-CA6E-41CA-BD52-80C4D6BFD3AA}.Debug|x86.Build.0 = Debug|Any CPU
		{4F097132-CA6E-41CA-BD52-80C4D6BFD3AA}.Release|Any CPU.ActiveCfg = Release|Any CPU
		{4F097132-CA6E-41CA-BD52-80C4D6BFD3AA}.Release|Any CPU.Build.0 = Release|Any CPU
		{4F097132-CA6E-41CA-BD52-80C4D6BFD3AA}.Release|x64.ActiveCfg = Release|Any CPU
		{4F097132-CA6E-41CA-BD52-80C4D6BFD3AA}.Release|x64.Build.0 = Release|Any CPU
		{4F097132-CA6E-41CA-BD52-80C4D6BFD3AA}.Release|x86.ActiveCfg = Release|Any CPU
		{4F097132-CA6E-41CA-BD52-80C4D6BFD3AA}.Release|x86.Build.0 = Release|Any CPU
	EndGlobalSection
	GlobalSection(SolutionProperties) = preSolution
		HideSolutionNode = FALSE
	EndGlobalSection
	GlobalSection(ExtensibilityGlobals) = postSolution
		SolutionGuid = {B5077C1F-172F-441C-8424-8A8B13A6DCCC}
	EndGlobalSection
EndGlobal
